
Microsoft Visual Studio Solution File, Format Version 12.00
# Visual Studio 15
VisualStudioVersion = 15.0.27703.2026
MinimumVisualStudioVersion = 10.0.40219.1
Project("{2150E333-8FDC-42A3-9474-1A3956D46DE8}") = "SqlProfilerTraceAnalyzer", "SqlProfilerTraceAnalyzer", "{DD8C9A27-C3A8-4AFE-AF64-A8199A514303}"
EndProject
Project("{2150E333-8FDC-42A3-9474-1A3956D46DE8}") = "HowToTraceYourSql", "HowToTraceYourSql", "{70EB10F2-45FA-479E-BD55-E950CA96C4C3}"
EndProject
Project("{FAE04EC0-301F-11D3-BF4B-00C04F79EFBC}") = "AdventureWorksTraceGenerator", "SqlProfilerTraceAnalyzer\HowToTraceYourSql\AdventureWorksTraceGenerator\AdventureWorksTraceGenerator.csproj", "{9B6E0350-4C59-4BC5-A9FD-261FD99ADAD0}"
EndProject
Project("{F2A71F9B-5D33-465A-A702-920D77279786}") = "SqlProfilerTraceAnalyzer", "SqlProfilerTraceAnalyzer\HowToTraceYourSql\SqlProfilerTraceAnalyzer\SqlProfilerTraceAnalyzer.fsproj", "{8D13AB14-12FF-457E-9877-112D952347B8}"
EndProject
Project("{2150E333-8FDC-42A3-9474-1A3956D46DE8}") = "HowToShowYourSql", "HowToShowYourSql", "{1629D76A-B5C9-45D4-821E-082C6707FCB5}"
EndProject
Project("{FAE04EC0-301F-11D3-BF4B-00C04F79EFBC}") = "AdventureWorksTraceGenerator", "SqlProfilerTraceAnalyzer\HowToShowYourSql\AdventureWorksTraceGenerator\AdventureWorksTraceGenerator.csproj", "{C088EDCB-E3AB-4127-8B6E-3BEAF941E7E9}"
EndProject
Project("{F2A71F9B-5D33-465A-A702-920D77279786}") = "SqlProfilerTraceAnalyzer", "SqlProfilerTraceAnalyzer\HowToShowYourSql\SqlProfilerTraceAnalyzer\SqlProfilerTraceAnalyzer.fsproj", "{D976F218-79FB-4BD0-B46C-55D4B257FD64}"
EndProject
Project("{F2A71F9B-5D33-465A-A702-920D77279786}") = "SqlProfilerTraceVisualiser", "SqlProfilerTraceAnalyzer\HowToShowYourSql\SqlProfilerTraceVisualiser\SqlProfilerTraceVisualiser.fsproj", "{51C29B75-3060-4CF4-8AEA-870D6A33A5A5}"
EndProject
Project("{2150E333-8FDC-42A3-9474-1A3956D46DE8}") = "ProjectFileAnalyzer", "ProjectFileAnalyzer", "{27F08D28-3A4E-4DF8-AF8E-19177C068FC4}"
EndProject
Project("{F2A71F9B-5D33-465A-A702-920D77279786}") = "ProjectFileAnalyzer.DuplicateFinder", "ProjectFileAnalyzer\ProjectFileAnalyzer.DuplicateFinder\ProjectFileAnalyzer.DuplicateFinder.fsproj", "{5B39F2E1-FF74-491B-8CB8-A578AD07AD2A}"
EndProject
Project("{FAE04EC0-301F-11D3-BF4B-00C04F79EFBC}") = "ProjectFileAnalyzer.DuplicatedFilesTestCase", "ProjectFileAnalyzer\ProjectFileAnalyzer.DuplicatedFilesTestCase\ProjectFileAnalyzer.DuplicatedFilesTestCase.csproj", "{B8047165-6373-4068-A24C-1A8C3D60292F}"
EndProject
Project("{2150E333-8FDC-42A3-9474-1A3956D46DE8}") = "WorkInUS", "WorkInUS", "{880E01ED-8AFE-4407-AB79-8B4A47524D60}"
EndProject
Project("{F2A71F9B-5D33-465A-A702-920D77279786}") = "WorkInUS", "WorkInUS\WorkInUS\WorkInUS.fsproj", "{41BBCD7E-CEB9-4F61-BE48-7FCF9C897FB6}"
EndProject
Project("{2150E333-8FDC-42A3-9474-1A3956D46DE8}") = "StringReplacer", "StringReplacer", "{8DEBF03D-E890-4D3A-8356-9126ABD93BC4}"
EndProject
Project("{FAE04EC0-301F-11D3-BF4B-00C04F79EFBC}") = "StringReplacer", "StringReplacer\StringReplacer.csproj", "{C912555C-3A64-4C31-9033-787BD84759B3}"
EndProject
Project("{FAE04EC0-301F-11D3-BF4B-00C04F79EFBC}") = "StringReplacer.UnitTests", "StringReplacer.UnitTests\StringReplacer.UnitTests.csproj", "{96FECC68-96D2-42E5-9874-A29C3852D7F7}"
EndProject
Global
	GlobalSection(SolutionConfigurationPlatforms) = preSolution
		Debug|Any CPU = Debug|Any CPU
		Release|Any CPU = Release|Any CPU
	EndGlobalSection
	GlobalSection(ProjectConfigurationPlatforms) = postSolution
		{9B6E0350-4C59-4BC5-A9FD-261FD99ADAD0}.Debug|Any CPU.ActiveCfg = Debug|Any CPU
		{9B6E0350-4C59-4BC5-A9FD-261FD99ADAD0}.Debug|Any CPU.Build.0 = Debug|Any CPU
		{9B6E0350-4C59-4BC5-A9FD-261FD99ADAD0}.Release|Any CPU.ActiveCfg = Release|Any CPU
		{9B6E0350-4C59-4BC5-A9FD-261FD99ADAD0}.Release|Any CPU.Build.0 = Release|Any CPU
		{8D13AB14-12FF-457E-9877-112D952347B8}.Debug|Any CPU.ActiveCfg = Debug|Any CPU
		{8D13AB14-12FF-457E-9877-112D952347B8}.Debug|Any CPU.Build.0 = Debug|Any CPU
		{8D13AB14-12FF-457E-9877-112D952347B8}.Release|Any CPU.ActiveCfg = Release|Any CPU
		{8D13AB14-12FF-457E-9877-112D952347B8}.Release|Any CPU.Build.0 = Release|Any CPU
		{C088EDCB-E3AB-4127-8B6E-3BEAF941E7E9}.Debug|Any CPU.ActiveCfg = Debug|Any CPU
		{C088EDCB-E3AB-4127-8B6E-3BEAF941E7E9}.Debug|Any CPU.Build.0 = Debug|Any CPU
		{C088EDCB-E3AB-4127-8B6E-3BEAF941E7E9}.Release|Any CPU.ActiveCfg = Release|Any CPU
		{C088EDCB-E3AB-4127-8B6E-3BEAF941E7E9}.Release|Any CPU.Build.0 = Release|Any CPU
		{D976F218-79FB-4BD0-B46C-55D4B257FD64}.Debug|Any CPU.ActiveCfg = Debug|Any CPU
		{D976F218-79FB-4BD0-B46C-55D4B257FD64}.Debug|Any CPU.Build.0 = Debug|Any CPU
		{D976F218-79FB-4BD0-B46C-55D4B257FD64}.Release|Any CPU.ActiveCfg = Release|Any CPU
		{D976F218-79FB-4BD0-B46C-55D4B257FD64}.Release|Any CPU.Build.0 = Release|Any CPU
		{51C29B75-3060-4CF4-8AEA-870D6A33A5A5}.Debug|Any CPU.ActiveCfg = Debug|Any CPU
		{51C29B75-3060-4CF4-8AEA-870D6A33A5A5}.Debug|Any CPU.Build.0 = Debug|Any CPU
		{51C29B75-3060-4CF4-8AEA-870D6A33A5A5}.Release|Any CPU.ActiveCfg = Release|Any CPU
		{51C29B75-3060-4CF4-8AEA-870D6A33A5A5}.Release|Any CPU.Build.0 = Release|Any CPU
		{5B39F2E1-FF74-491B-8CB8-A578AD07AD2A}.Debug|Any CPU.ActiveCfg = Debug|Any CPU
		{5B39F2E1-FF74-491B-8CB8-A578AD07AD2A}.Debug|Any CPU.Build.0 = Debug|Any CPU
		{5B39F2E1-FF74-491B-8CB8-A578AD07AD2A}.Release|Any CPU.ActiveCfg = Release|Any CPU
		{5B39F2E1-FF74-491B-8CB8-A578AD07AD2A}.Release|Any CPU.Build.0 = Release|Any CPU
		{B8047165-6373-4068-A24C-1A8C3D60292F}.Debug|Any CPU.ActiveCfg = Debug|Any CPU
		{B8047165-6373-4068-A24C-1A8C3D60292F}.Debug|Any CPU.Build.0 = Debug|Any CPU
		{B8047165-6373-4068-A24C-1A8C3D60292F}.Release|Any CPU.ActiveCfg = Release|Any CPU
		{B8047165-6373-4068-A24C-1A8C3D60292F}.Release|Any CPU.Build.0 = Release|Any CPU
		{41BBCD7E-CEB9-4F61-BE48-7FCF9C897FB6}.Debug|Any CPU.ActiveCfg = Debug|Any CPU
		{41BBCD7E-CEB9-4F61-BE48-7FCF9C897FB6}.Debug|Any CPU.Build.0 = Debug|Any CPU
		{41BBCD7E-CEB9-4F61-BE48-7FCF9C897FB6}.Release|Any CPU.ActiveCfg = Release|Any CPU
		{41BBCD7E-CEB9-4F61-BE48-7FCF9C897FB6}.Release|Any CPU.Build.0 = Release|Any CPU
		{C912555C-3A64-4C31-9033-787BD84759B3}.Debug|Any CPU.ActiveCfg = Debug|Any CPU
		{C912555C-3A64-4C31-9033-787BD84759B3}.Debug|Any CPU.Build.0 = Debug|Any CPU
		{C912555C-3A64-4C31-9033-787BD84759B3}.Release|Any CPU.ActiveCfg = Release|Any CPU
		{C912555C-3A64-4C31-9033-787BD84759B3}.Release|Any CPU.Build.0 = Release|Any CPU
		{96FECC68-96D2-42E5-9874-A29C3852D7F7}.Debug|Any CPU.ActiveCfg = Debug|Any CPU
		{96FECC68-96D2-42E5-9874-A29C3852D7F7}.Debug|Any CPU.Build.0 = Debug|Any CPU
		{96FECC68-96D2-42E5-9874-A29C3852D7F7}.Release|Any CPU.ActiveCfg = Release|Any CPU
		{96FECC68-96D2-42E5-9874-A29C3852D7F7}.Release|Any CPU.Build.0 = Release|Any CPU
	EndGlobalSection
	GlobalSection(SolutionProperties) = preSolution
		HideSolutionNode = FALSE
	EndGlobalSection
	GlobalSection(NestedProjects) = preSolution
		{70EB10F2-45FA-479E-BD55-E950CA96C4C3} = {DD8C9A27-C3A8-4AFE-AF64-A8199A514303}
		{9B6E0350-4C59-4BC5-A9FD-261FD99ADAD0} = {70EB10F2-45FA-479E-BD55-E950CA96C4C3}
		{8D13AB14-12FF-457E-9877-112D952347B8} = {70EB10F2-45FA-479E-BD55-E950CA96C4C3}
		{1629D76A-B5C9-45D4-821E-082C6707FCB5} = {DD8C9A27-C3A8-4AFE-AF64-A8199A514303}
		{C088EDCB-E3AB-4127-8B6E-3BEAF941E7E9} = {1629D76A-B5C9-45D4-821E-082C6707FCB5}
		{D976F218-79FB-4BD0-B46C-55D4B257FD64} = {1629D76A-B5C9-45D4-821E-082C6707FCB5}
		{51C29B75-3060-4CF4-8AEA-870D6A33A5A5} = {1629D76A-B5C9-45D4-821E-082C6707FCB5}
		{5B39F2E1-FF74-491B-8CB8-A578AD07AD2A} = {27F08D28-3A4E-4DF8-AF8E-19177C068FC4}
		{B8047165-6373-4068-A24C-1A8C3D60292F} = {27F08D28-3A4E-4DF8-AF8E-19177C068FC4}
		{41BBCD7E-CEB9-4F61-BE48-7FCF9C897FB6} = {880E01ED-8AFE-4407-AB79-8B4A47524D60}
		{C912555C-3A64-4C31-9033-787BD84759B3} = {8DEBF03D-E890-4D3A-8356-9126ABD93BC4}
		{96FECC68-96D2-42E5-9874-A29C3852D7F7} = {8DEBF03D-E890-4D3A-8356-9126ABD93BC4}
	EndGlobalSection
	GlobalSection(ExtensibilityGlobals) = postSolution
		SolutionGuid = {B805560C-AAEB-4AD7-BCE4-F58AB7F293AD}
	EndGlobalSection
EndGlobal
